
Microsoft Visual Studio Solution File, Format Version 12.00
# Visual Studio Version 16
VisualStudioVersion = 16.0.29613.14
MinimumVisualStudioVersion = 10.0.40219.1
Project("{FAE04EC0-301F-11D3-BF4B-00C04F79EFBC}") = "DevsUnited.CA", "DevsUnited.CA\DevsUnited.CA.csproj", "{3A5F992E-2364-423E-8067-48BA288AAEEF}"
EndProject
Global
	GlobalSection(SolutionConfigurationPlatforms) = preSolution
		Debug|Any CPU = Debug|Any CPU
		Release|Any CPU = Release|Any CPU
	EndGlobalSection
	GlobalSection(ProjectConfigurationPlatforms) = postSolution
		{3A5F992E-2364-423E-8067-48BA288AAEEF}.Debug|Any CPU.ActiveCfg = Debug|Any CPU
		{3A5F992E-2364-423E-8067-48BA288AAEEF}.Debug|Any CPU.Build.0 = Debug|Any CPU
		{3A5F992E-2364-423E-8067-48BA288AAEEF}.Release|Any CPU.ActiveCfg = Release|Any CPU
		{3A5F992E-2364-423E-8067-48BA288AAEEF}.Release|Any CPU.Build.0 = Release|Any CPU
	EndGlobalSection
	GlobalSection(SolutionProperties) = preSolution
		HideSolutionNode = FALSE
	EndGlobalSection
	GlobalSection(ExtensibilityGlobals) = postSolution
		SolutionGuid = {D4DBD09E-C6BC-408E-AB14-2A2BE13614BA}
	EndGlobalSection
EndGlobal
